{
  "requires": true,
  "lockfileVersion": 1,
  "dependencies": {
    "medium-zoom": {
      "version": "1.0.5",
      "resolved": "https://registry.npmjs.org/medium-zoom/-/medium-zoom-1.0.5.tgz",
      "integrity": "sha512-aLGa6WlTuFKWvH88bqTrY5ztJMN+D0hd8UX6BYc4YSoPayppzETjZUcdVcksgaoQEMg4cZSmXPg846fTp2rjRQ=="
    }
  }
}
